
Microsoft Visual Studio Solution File, Format Version 12.00
# Visual Studio Version 16
VisualStudioVersion = 16.0.30413.136
MinimumVisualStudioVersion = 10.0.40219.1
Project("{FAE04EC0-301F-11D3-BF4B-00C04F79EFBC}") = "Chubb.Test.Api", "Chubb.Test.Api\Chubb.Test.Api.csproj", "{531EB819-5E00-4C2A-9B38-A8B3505057F1}"
EndProject
Project("{FAE04EC0-301F-11D3-BF4B-00C04F79EFBC}") = "Chubb.Test.Aplication", "Chubb.Test.Aplication\Chubb.Test.Aplication.csproj", "{172AB505-3568-46E4-9EE9-18EFC7095136}"
EndProject
Global
	GlobalSection(SolutionConfigurationPlatforms) = preSolution
		Debug|Any CPU = Debug|Any CPU
		Release|Any CPU = Release|Any CPU
	EndGlobalSection
	GlobalSection(ProjectConfigurationPlatforms) = postSolution
		{531EB819-5E00-4C2A-9B38-A8B3505057F1}.Debug|Any CPU.ActiveCfg = Debug|Any CPU
		{531EB819-5E00-4C2A-9B38-A8B3505057F1}.Debug|Any CPU.Build.0 = Debug|Any CPU
		{531EB819-5E00-4C2A-9B38-A8B3505057F1}.Release|Any CPU.ActiveCfg = Release|Any CPU
		{531EB819-5E00-4C2A-9B38-A8B3505057F1}.Release|Any CPU.Build.0 = Release|Any CPU
		{172AB505-3568-46E4-9EE9-18EFC7095136}.Debug|Any CPU.ActiveCfg = Debug|Any CPU
		{172AB505-3568-46E4-9EE9-18EFC7095136}.Debug|Any CPU.Build.0 = Debug|Any CPU
		{172AB505-3568-46E4-9EE9-18EFC7095136}.Release|Any CPU.ActiveCfg = Release|Any CPU
		{172AB505-3568-46E4-9EE9-18EFC7095136}.Release|Any CPU.Build.0 = Release|Any CPU
	EndGlobalSection
	GlobalSection(SolutionProperties) = preSolution
		HideSolutionNode = FALSE
	EndGlobalSection
	GlobalSection(ExtensibilityGlobals) = postSolution
		SolutionGuid = {D7411C88-AB1D-43B7-B6A4-AE2268E0A32F}
	EndGlobalSection
EndGlobal
